
Microsoft Visual Studio Solution File, Format Version 12.00
# Visual Studio Version 17
VisualStudioVersion = 17.0.31903.59
MinimumVisualStudioVersion = 10.0.40219.1
Project("{9A19103F-16F7-4668-BE54-9A1E7A4F7556}") = "Demo.Service2.API", "src\Demo.Service2.API\Demo.Service2.API.csproj", "{6F82525C-C835-44BB-95AD-593EE9A98230}"
EndProject
Project("{9A19103F-16F7-4668-BE54-9A1E7A4F7556}") = "Demo.Service2.API.UnitTest", "test\Demo.Service2.API.UnitTest\Demo.Service2.API.UnitTest.csproj", "{1B9D6F3F-CBBE-4448-8E95-35E3FE42EE29}"
EndProject
Global
	GlobalSection(SolutionConfigurationPlatforms) = preSolution
		Debug|Any CPU = Debug|Any CPU
		Release|Any CPU = Release|Any CPU
	EndGlobalSection
	GlobalSection(ProjectConfigurationPlatforms) = postSolution
		{6F82525C-C835-44BB-95AD-593EE9A98230}.Debug|Any CPU.ActiveCfg = Debug|Any CPU
		{6F82525C-C835-44BB-95AD-593EE9A98230}.Debug|Any CPU.Build.0 = Debug|Any CPU
		{6F82525C-C835-44BB-95AD-593EE9A98230}.Release|Any CPU.ActiveCfg = Release|Any CPU
		{6F82525C-C835-44BB-95AD-593EE9A98230}.Release|Any CPU.Build.0 = Release|Any CPU
		{1B9D6F3F-CBBE-4448-8E95-35E3FE42EE29}.Debug|Any CPU.ActiveCfg = Debug|Any CPU
		{1B9D6F3F-CBBE-4448-8E95-35E3FE42EE29}.Debug|Any CPU.Build.0 = Debug|Any CPU
		{1B9D6F3F-CBBE-4448-8E95-35E3FE42EE29}.Release|Any CPU.ActiveCfg = Release|Any CPU
		{1B9D6F3F-CBBE-4448-8E95-35E3FE42EE29}.Release|Any CPU.Build.0 = Release|Any CPU
	EndGlobalSection
	GlobalSection(SolutionProperties) = preSolution
		HideSolutionNode = FALSE
	EndGlobalSection
	GlobalSection(ExtensibilityGlobals) = postSolution
		SolutionGuid = {9FAA7DA2-809B-4056-BE47-F1B46A34B8BE}
	EndGlobalSection
EndGlobal
